{
  "originHash" : "a02fa8b86bf95fa3bc6ab4008f57f8b883275f41433d791548b9bf21e016302d",
  "pins" : [
    {
      "identity" : "javascriptkit",
      "kind" : "remoteSourceControl",
      "location" : "https://github.com/swiftwasm/JavaScriptKit.git",
      "state" : {
        "revision" : "f483b91988d054f932f915ebce01ae3a7c473bf7",
        "version" : "0.51.0"
      }
    },
    {
      "identity" : "swift-algorithms",
      "kind" : "remoteSourceControl",
      "location" : "https://github.com/apple/swift-algorithms",
      "state" : {
        "revision" : "87e50f483c54e6efd60e885f7f5aa946cee68023",
        "version" : "1.2.1"
      }
    },
    {
      "identity" : "swift-argument-parser",
      "kind" : "remoteSourceControl",
      "location" : "https://github.com/apple/swift-argument-parser.git",
      "state" : {
        "revision" : "626b5b7b2f45e1b0b1c6f4a309296d1d21d7311b",
        "version" : "1.7.1"
      }
    },
    {
      "identity" : "swift-gsb-macro",
      "kind" : "remoteSourceControl",
      "location" : "https://github.com/kntkymt/swift-gsb-macro",
      "state" : {
        "revision" : "628259a10c2a5544d7121986cf66501baddbe5bb",
        "version" : "0.2.0"
      }
    },
    {
      "identity" : "swift-numerics",
      "kind" : "remoteSourceControl",
      "location" : "https://github.com/apple/swift-numerics.git",
      "state" : {
        "revision" : "0c0290ff6b24942dadb83a929ffaaa1481df04a2",
        "version" : "1.1.1"
      }
    },
    {
      "identity" : "swift-react",
      "kind" : "remoteSourceControl",
      "location" : "https://github.com/omochi/swift-react",
      "state" : {
        "revision" : "19644da253ff9269b848699ff7a2b81f9e6a40cf",
        "version" : "0.2.0"
      }
    },
    {
      "identity" : "swift-syntax",
      "kind" : "remoteSourceControl",
      "location" : "https://github.com/swiftlang/swift-syntax",
      "state" : {
        "revision" : "9de99a78f099e59caf2b2beec65a4c45d54b2081",
        "version" : "603.0.1"
      }
    },
    {
      "identity" : "swift-syntax-scope",
      "kind" : "remoteSourceControl",
      "location" : "https://github.com/kntkymt/swift-syntax-scope.git",
      "state" : {
        "revision" : "581162c900eb347fa62e607d50fc3cf4f959064b",
        "version" : "0.1.0"
      }
    }
  ],
  "version" : 3
}
